
Microsoft Visual Studio Solution File, Format Version 12.00
# Visual Studio Version 17
VisualStudioVersion = 17.14.36310.24 d17.14
MinimumVisualStudioVersion = 10.0.40219.1
Project("{FAE04EC0-301F-11D3-BF4B-00C04F79EFBC}") = "CrazyMusicians", "CrazyMusicians\CrazyMusicians.csproj", "{2E3B81FC-19DA-4ADE-A9BD-CD37D8CBBB5F}"
EndProject
Global
	GlobalSection(SolutionConfigurationPlatforms) = preSolution
		Debug|Any CPU = Debug|Any CPU
		Release|Any CPU = Release|Any CPU
	EndGlobalSection
	GlobalSection(ProjectConfigurationPlatforms) = postSolution
		{2E3B81FC-19DA-4ADE-A9BD-CD37D8CBBB5F}.Debug|Any CPU.ActiveCfg = Debug|Any CPU
		{2E3B81FC-19DA-4ADE-A9BD-CD37D8CBBB5F}.Debug|Any CPU.Build.0 = Debug|Any CPU
		{2E3B81FC-19DA-4ADE-A9BD-CD37D8CBBB5F}.Release|Any CPU.ActiveCfg = Release|Any CPU
		{2E3B81FC-19DA-4ADE-A9BD-CD37D8CBBB5F}.Release|Any CPU.Build.0 = Release|Any CPU
	EndGlobalSection
	GlobalSection(SolutionProperties) = preSolution
		HideSolutionNode = FALSE
	EndGlobalSection
	GlobalSection(ExtensibilityGlobals) = postSolution
		SolutionGuid = {0A20C23C-114E-4DB7-9BC6-0AE23151EF4C}
	EndGlobalSection
EndGlobal
